
Microsoft Visual Studio Solution File, Format Version 12.00
# Visual Studio Version 16
VisualStudioVersion = 16.0.28922.388
MinimumVisualStudioVersion = 10.0.40219.1
Project("{FAE04EC0-301F-11D3-BF4B-00C04F79EFBC}") = "RangeCalculatorKata", "RangeCalculatorKata\RangeCalculatorKata.csproj", "{CA308799-0C92-4F62-B62B-4316AB49BA9C}"
EndProject
Project("{FAE04EC0-301F-11D3-BF4B-00C04F79EFBC}") = "RangeCalculatorTests", "RangeCalculatorTests\RangeCalculatorTests.csproj", "{DEE163EC-A2A5-4C22-992C-2387AE93311A}"
EndProject
Global
	GlobalSection(SolutionConfigurationPlatforms) = preSolution
		Debug|Any CPU = Debug|Any CPU
		Release|Any CPU = Release|Any CPU
	EndGlobalSection
	GlobalSection(ProjectConfigurationPlatforms) = postSolution
		{CA308799-0C92-4F62-B62B-4316AB49BA9C}.Debug|Any CPU.ActiveCfg = Debug|Any CPU
		{CA308799-0C92-4F62-B62B-4316AB49BA9C}.Debug|Any CPU.Build.0 = Debug|Any CPU
		{CA308799-0C92-4F62-B62B-4316AB49BA9C}.Release|Any CPU.ActiveCfg = Release|Any CPU
		{CA308799-0C92-4F62-B62B-4316AB49BA9C}.Release|Any CPU.Build.0 = Release|Any CPU
		{DEE163EC-A2A5-4C22-992C-2387AE93311A}.Debug|Any CPU.ActiveCfg = Debug|Any CPU
		{DEE163EC-A2A5-4C22-992C-2387AE93311A}.Debug|Any CPU.Build.0 = Debug|Any CPU
		{DEE163EC-A2A5-4C22-992C-2387AE93311A}.Release|Any CPU.ActiveCfg = Release|Any CPU
		{DEE163EC-A2A5-4C22-992C-2387AE93311A}.Release|Any CPU.Build.0 = Release|Any CPU
	EndGlobalSection
	GlobalSection(SolutionProperties) = preSolution
		HideSolutionNode = FALSE
	EndGlobalSection
	GlobalSection(ExtensibilityGlobals) = postSolution
		SolutionGuid = {C6C7BF15-3E9D-474E-8736-928FC53C546C}
	EndGlobalSection
EndGlobal
