
Microsoft Visual Studio Solution File, Format Version 12.00
# Visual Studio Version 16
VisualStudioVersion = 16.0.28922.388
MinimumVisualStudioVersion = 10.0.40219.1
Project("{FAE04EC0-301F-11D3-BF4B-00C04F79EFBC}") = "ConsoleApp63", "ConsoleApp63\ConsoleApp63.csproj", "{B5F49823-B32A-4992-8055-B58E010F83FB}"
EndProject
Global
	GlobalSection(SolutionConfigurationPlatforms) = preSolution
		Debug|Any CPU = Debug|Any CPU
		Release|Any CPU = Release|Any CPU
	EndGlobalSection
	GlobalSection(ProjectConfigurationPlatforms) = postSolution
		{B5F49823-B32A-4992-8055-B58E010F83FB}.Debug|Any CPU.ActiveCfg = Debug|Any CPU
		{B5F49823-B32A-4992-8055-B58E010F83FB}.Debug|Any CPU.Build.0 = Debug|Any CPU
		{B5F49823-B32A-4992-8055-B58E010F83FB}.Release|Any CPU.ActiveCfg = Release|Any CPU
		{B5F49823-B32A-4992-8055-B58E010F83FB}.Release|Any CPU.Build.0 = Release|Any CPU
	EndGlobalSection
	GlobalSection(SolutionProperties) = preSolution
		HideSolutionNode = FALSE
	EndGlobalSection
	GlobalSection(ExtensibilityGlobals) = postSolution
		SolutionGuid = {CEF4FA76-DB9D-4AD3-B131-AE4BA4241201}
	EndGlobalSection
EndGlobal
