
Microsoft Visual Studio Solution File, Format Version 12.00
# Visual Studio Version 16
VisualStudioVersion = 16.0.28922.388
MinimumVisualStudioVersion = 10.0.40219.1
Project("{FAE04EC0-301F-11D3-BF4B-00C04F79EFBC}") = "SortingItOut", "SortingItOut\SortingItOut.csproj", "{16C1DF25-9DED-4AED-ACF0-4172C11C062D}"
EndProject
Project("{FAE04EC0-301F-11D3-BF4B-00C04F79EFBC}") = "SortingItOutTests", "SortingItOutTests\SortingItOutTests.csproj", "{740E605E-8346-455B-999D-3D65DA3A1774}"
EndProject
Global
	GlobalSection(SolutionConfigurationPlatforms) = preSolution
		Debug|Any CPU = Debug|Any CPU
		Release|Any CPU = Release|Any CPU
	EndGlobalSection
	GlobalSection(ProjectConfigurationPlatforms) = postSolution
		{16C1DF25-9DED-4AED-ACF0-4172C11C062D}.Debug|Any CPU.ActiveCfg = Debug|Any CPU
		{16C1DF25-9DED-4AED-ACF0-4172C11C062D}.Debug|Any CPU.Build.0 = Debug|Any CPU
		{16C1DF25-9DED-4AED-ACF0-4172C11C062D}.Release|Any CPU.ActiveCfg = Release|Any CPU
		{16C1DF25-9DED-4AED-ACF0-4172C11C062D}.Release|Any CPU.Build.0 = Release|Any CPU
		{740E605E-8346-455B-999D-3D65DA3A1774}.Debug|Any CPU.ActiveCfg = Debug|Any CPU
		{740E605E-8346-455B-999D-3D65DA3A1774}.Debug|Any CPU.Build.0 = Debug|Any CPU
		{740E605E-8346-455B-999D-3D65DA3A1774}.Release|Any CPU.ActiveCfg = Release|Any CPU
		{740E605E-8346-455B-999D-3D65DA3A1774}.Release|Any CPU.Build.0 = Release|Any CPU
	EndGlobalSection
	GlobalSection(SolutionProperties) = preSolution
		HideSolutionNode = FALSE
	EndGlobalSection
	GlobalSection(ExtensibilityGlobals) = postSolution
		SolutionGuid = {6A54349B-99F1-4016-9F9E-B70006B7155D}
	EndGlobalSection
EndGlobal
