
Microsoft Visual Studio Solution File, Format Version 12.00
# Visual Studio Version 16
VisualStudioVersion = 16.0.28922.388
MinimumVisualStudioVersion = 10.0.40219.1
Project("{FAE04EC0-301F-11D3-BF4B-00C04F79EFBC}") = "WordWrapper", "WordWrapper\WordWrapper.csproj", "{68642C3E-FA51-4797-A9C1-1F9D2A98ABCB}"
EndProject
Project("{FAE04EC0-301F-11D3-BF4B-00C04F79EFBC}") = "WordWrapperTests", "WordWrapperTests\WordWrapperTests.csproj", "{3CD9C0C1-6635-434C-9496-A31B634597AD}"
EndProject
Global
	GlobalSection(SolutionConfigurationPlatforms) = preSolution
		Debug|Any CPU = Debug|Any CPU
		Release|Any CPU = Release|Any CPU
	EndGlobalSection
	GlobalSection(ProjectConfigurationPlatforms) = postSolution
		{68642C3E-FA51-4797-A9C1-1F9D2A98ABCB}.Debug|Any CPU.ActiveCfg = Debug|Any CPU
		{68642C3E-FA51-4797-A9C1-1F9D2A98ABCB}.Debug|Any CPU.Build.0 = Debug|Any CPU
		{68642C3E-FA51-4797-A9C1-1F9D2A98ABCB}.Release|Any CPU.ActiveCfg = Release|Any CPU
		{68642C3E-FA51-4797-A9C1-1F9D2A98ABCB}.Release|Any CPU.Build.0 = Release|Any CPU
		{3CD9C0C1-6635-434C-9496-A31B634597AD}.Debug|Any CPU.ActiveCfg = Debug|Any CPU
		{3CD9C0C1-6635-434C-9496-A31B634597AD}.Debug|Any CPU.Build.0 = Debug|Any CPU
		{3CD9C0C1-6635-434C-9496-A31B634597AD}.Release|Any CPU.ActiveCfg = Release|Any CPU
		{3CD9C0C1-6635-434C-9496-A31B634597AD}.Release|Any CPU.Build.0 = Release|Any CPU
	EndGlobalSection
	GlobalSection(SolutionProperties) = preSolution
		HideSolutionNode = FALSE
	EndGlobalSection
	GlobalSection(ExtensibilityGlobals) = postSolution
		SolutionGuid = {B7C3E0F4-4668-4B47-982B-6C71B281FD01}
	EndGlobalSection
EndGlobal
